
Microsoft Visual Studio Solution File, Format Version 12.00
# Visual Studio Version 16
VisualStudioVersion = 16.0.28803.452
MinimumVisualStudioVersion = 10.0.40219.1
Project("{FAE04EC0-301F-11D3-BF4B-00C04F79EFBC}") = "OLEDScreenSaver", "OLEDScreenSaver\OLEDScreenSaver.csproj", "{C869C44E-6117-424C-9EA0-8B813A120BC0}"
EndProject
Global
	GlobalSection(SolutionConfigurationPlatforms) = preSolution
		Debug|Any CPU = Debug|Any CPU
		Release|Any CPU = Release|Any CPU
	EndGlobalSection
	GlobalSection(ProjectConfigurationPlatforms) = postSolution
		{C869C44E-6117-424C-9EA0-8B813A120BC0}.Debug|Any CPU.ActiveCfg = Debug|Any CPU
		{C869C44E-6117-424C-9EA0-8B813A120BC0}.Debug|Any CPU.Build.0 = Debug|Any CPU
		{C869C44E-6117-424C-9EA0-8B813A120BC0}.Release|Any CPU.ActiveCfg = Release|Any CPU
		{C869C44E-6117-424C-9EA0-8B813A120BC0}.Release|Any CPU.Build.0 = Release|Any CPU
	EndGlobalSection
	GlobalSection(SolutionProperties) = preSolution
		HideSolutionNode = FALSE
	EndGlobalSection
	GlobalSection(ExtensibilityGlobals) = postSolution
		SolutionGuid = {F8958F8A-077F-4631-A8EB-6E81721E8EEE}
	EndGlobalSection
EndGlobal
